
Microsoft Visual Studio Solution File, Format Version 12.00
# Visual Studio 15
VisualStudioVersion = 15.0.28010.0
MinimumVisualStudioVersion = 10.0.40219.1
Project("{FAE04EC0-301F-11D3-BF4B-00C04F79EFBC}") = "AlgoAndDS", "AlgoAndDS\AlgoAndDS.csproj", "{D025432C-D7EA-4A43-87AF-C8816D140B82}"
EndProject
Project("{FAE04EC0-301F-11D3-BF4B-00C04F79EFBC}") = "AlgoAndDS.Tests", "AlgoAndDS.Tests\AlgoAndDS.Tests.csproj", "{46945D6E-1C0D-49C1-A404-5481ED5AC95B}"
EndProject
Global
	GlobalSection(SolutionConfigurationPlatforms) = preSolution
		Debug|Any CPU = Debug|Any CPU
		Release|Any CPU = Release|Any CPU
	EndGlobalSection
	GlobalSection(ProjectConfigurationPlatforms) = postSolution
		{D025432C-D7EA-4A43-87AF-C8816D140B82}.Debug|Any CPU.ActiveCfg = Debug|Any CPU
		{D025432C-D7EA-4A43-87AF-C8816D140B82}.Debug|Any CPU.Build.0 = Debug|Any CPU
		{D025432C-D7EA-4A43-87AF-C8816D140B82}.Release|Any CPU.ActiveCfg = Release|Any CPU
		{D025432C-D7EA-4A43-87AF-C8816D140B82}.Release|Any CPU.Build.0 = Release|Any CPU
		{46945D6E-1C0D-49C1-A404-5481ED5AC95B}.Debug|Any CPU.ActiveCfg = Debug|Any CPU
		{46945D6E-1C0D-49C1-A404-5481ED5AC95B}.Debug|Any CPU.Build.0 = Debug|Any CPU
		{46945D6E-1C0D-49C1-A404-5481ED5AC95B}.Release|Any CPU.ActiveCfg = Release|Any CPU
		{46945D6E-1C0D-49C1-A404-5481ED5AC95B}.Release|Any CPU.Build.0 = Release|Any CPU
	EndGlobalSection
	GlobalSection(SolutionProperties) = preSolution
		HideSolutionNode = FALSE
	EndGlobalSection
	GlobalSection(ExtensibilityGlobals) = postSolution
		SolutionGuid = {153DADB6-ADC7-44AF-8BEA-68F2E22830D4}
	EndGlobalSection
EndGlobal
